// !$*UTF8*$!
{
	archiveVersion = 1;
	classes = {
	};
	objectVersion = 46;
	objects = {

/* Begin PBXBuildFile section */
		17499A271E3AAB0E001D957D /* main.m in Sources */ = {isa = PBXBuildFile; fileRef = 17499A261E3AAB0E001D957D /* main.m */; };
		17499A2A1E3AAB0E001D957D /* AppDelegate.m in Sources */ = {isa = PBXBuildFile; fileRef = 17499A291E3AAB0E001D957D /* AppDelegate.m */; };
		17499A2D1E3AAB0E001D957D /* ViewController.m in Sources */ = {isa = PBXBuildFile; fileRef = 17499A2C1E3AAB0E001D957D /* ViewController.m */; };
		17499A321E3AAB0E001D957D /* Assets.xcassets in Resources */ = {isa = PBXBuildFile; fileRef = 17499A311E3AAB0E001D957D /* Assets.xcassets */; };
		17499A351E3AAB0E001D957D /* LaunchScreen.storyboard in Resources */ = {isa = PBXBuildFile; fileRef = 17499A331E3AAB0E001D957D /* LaunchScreen.storyboard */; };
		177FB23E1E3AC8D800C45680 /* Main.storyboard in Resources */ = {isa = PBXBuildFile; fileRef = 177FB23D1E3AC8D800C45680 /* Main.storyboard */; };
		178EFA381E47AE6F009A0AD0 /* StartViewController.m in Sources */ = {isa = PBXBuildFile; fileRef = 178EFA371E47AE6F009A0AD0 /* StartViewController.m */; };
		178EFA3A1E47B70F009A0AD0 /* og_image.png in Resources */ = {isa = PBXBuildFile; fileRef = 178EFA391E47B70F009A0AD0 /* og_image.png */; };
		178EFA3C1E47C858009A0AD0 /* a.jpg in Resources */ = {isa = PBXBuildFile; fileRef = 178EFA3B1E47C858009A0AD0 /* a.jpg */; };
		178EFA3E1E47CC1E009A0AD0 /* grid.png in Resources */ = {isa = PBXBuildFile; fileRef = 178EFA3D1E47CC1E009A0AD0 /* grid.png */; };
/* End PBXBuildFile section */

/* Begin PBXFileReference section */
		17499A221E3AAB0E001D957D /* W.app */ = {isa = PBXFileReference; explicitFileType = wrapper.application; includeInIndex = 0; path = W.app; sourceTree = BUILT_PRODUCTS_DIR; };
		17499A261E3AAB0E001D957D /* main.m */ = {isa = PBXFileReference; lastKnownFileType = sourcecode.c.objc; path = main.m; sourceTree = "<group>"; };
		17499A281E3AAB0E001D957D /* AppDelegate.h */ = {isa = PBXFileReference; lastKnownFileType = sourcecode.c.h; path = AppDelegate.h; sourceTree = "<group>"; };
		17499A291E3AAB0E001D957D /* AppDelegate.m */ = {isa = PBXFileReference; lastKnownFileType = sourcecode.c.objc; path = AppDelegate.m; sourceTree = "<group>"; };
		17499A2B1E3AAB0E001D957D /* ViewController.h */ = {isa = PBXFileReference; lastKnownFileType = sourcecode.c.h; path = ViewController.h; sourceTree = "<group>"; };
		17499A2C1E3AAB0E001D957D /* ViewController.m */ = {isa = PBXFileReference; lastKnownFileType = sourcecode.c.objc; path = ViewController.m; sourceTree = "<group>"; };
		17499A311E3AAB0E001D957D /* Assets.xcassets */ = {isa = PBXFileReference; lastKnownFileType = folder.assetcatalog; path = Assets.xcassets; sourceTree = "<group>"; };
		17499A341E3AAB0E001D957D /* Base */ = {isa = PBXFileReference; lastKnownFileType = file.storyboard; name = Base; path = Base.lproj/LaunchScreen.storyboard; sourceTree = "<group>"; };
		17499A361E3AAB0E001D957D /* Info.plist */ = {isa = PBXFileReference; lastKnownFileType = text.plist.xml; path = Info.plist; sourceTree = "<group>"; };
		177FB23D1E3AC8D800C45680 /* Main.storyboard */ = {isa = PBXFileReference; fileEncoding = 4; lastKnownFileType = file.storyboard; path = Main.storyboard; sourceTree = "<group>"; };
		178EFA361E47AE6F009A0AD0 /* StartViewController.h */ = {isa = PBXFileReference; fileEncoding = 4; lastKnownFileType = sourcecode.c.h; path = StartViewController.h; sourceTree = "<group>"; };
		178EFA371E47AE6F009A0AD0 /* StartViewController.m */ = {isa = PBXFileReference; fileEncoding = 4; lastKnownFileType = sourcecode.c.objc; path = StartViewController.m; sourceTree = "<group>"; };
		178EFA391E47B70F009A0AD0 /* og_image.png */ = {isa = PBXFileReference; lastKnownFileType = image.png; path = og_image.png; sourceTree = "<group>"; };
		178EFA3B1E47C858009A0AD0 /* a.jpg */ = {isa = PBXFileReference; lastKnownFileType = image.jpeg; path = a.jpg; sourceTree = "<group>"; };
		178EFA3D1E47CC1E009A0AD0 /* grid.png */ = {isa = PBXFileReference; lastKnownFileType = image.png; path = grid.png; sourceTree = "<group>"; };
/* End PBXFileReference section */

/* Begin PBXFrameworksBuildPhase section */
		17499A1F1E3AAB0E001D957D /* Frameworks */ = {
			isa = PBXFrameworksBuildPhase;
			buildActionMask = 2147483647;
			files = (
			);
			runOnlyForDeploymentPostprocessing = 0;
		};
/* End PBXFrameworksBuildPhase section */

/* Begin PBXGroup section */
		17499A191E3AAB0E001D957D = {
			isa = PBXGroup;
			children = (
				17499A241E3AAB0E001D957D /* W */,
				17499A231E3AAB0E001D957D /* Products */,
			);
			sourceTree = "<group>";
		};
		17499A231E3AAB0E001D957D /* Products */ = {
			isa = PBXGroup;
			children = (
				17499A221E3AAB0E001D957D /* W.app */,
			);
			name = Products;
			sourceTree = "<group>";
		};
		17499A241E3AAB0E001D957D /* W */ = {
			isa = PBXGroup;
			children = (
				17499A281E3AAB0E001D957D /* AppDelegate.h */,
				17499A291E3AAB0E001D957D /* AppDelegate.m */,
				17499A2B1E3AAB0E001D957D /* ViewController.h */,
				17499A2C1E3AAB0E001D957D /* ViewController.m */,
				177FB23D1E3AC8D800C45680 /* Main.storyboard */,
				17499A311E3AAB0E001D957D /* Assets.xcassets */,
				17499A331E3AAB0E001D957D /* LaunchScreen.storyboard */,
				178EFA361E47AE6F009A0AD0 /* StartViewController.h */,
				178EFA371E47AE6F009A0AD0 /* StartViewController.m */,
				17499A361E3AAB0E001D957D /* Info.plist */,
				17499A251E3AAB0E001D957D /* Supporting Files */,
			);
			path = W;
			sourceTree = "<group>";
		};
		17499A251E3AAB0E001D957D /* Supporting Files */ = {
			isa = PBXGroup;
			children = (
				178EFA3D1E47CC1E009A0AD0 /* grid.png */,
				178EFA3B1E47C858009A0AD0 /* a.jpg */,
				178EFA391E47B70F009A0AD0 /* og_image.png */,
				17499A261E3AAB0E001D957D /* main.m */,
			);
			name = "Supporting Files";
			sourceTree = "<group>";
		};
/* End PBXGroup section */

/* Begin PBXNativeTarget section */
		17499A211E3AAB0E001D957D /* W */ = {
			isa = PBXNativeTarget;
			buildConfigurationList = 17499A391E3AAB0E001D957D /* Build configuration list for PBXNativeTarget "W" */;
			buildPhases = (
				17499A1E1E3AAB0E001D957D /* Sources */,
				17499A1F1E3AAB0E001D957D /* Frameworks */,
				17499A201E3AAB0E001D957D /* Resources */,
			);
			buildRules = (
			);
			dependencies = (
			);
			name = W;
			productName = W;
			productReference = 17499A221E3AAB0E001D957D /* W.app */;
			productType = "com.apple.product-type.application";
		};
/* End PBXNativeTarget section */

/* Begin PBXProject section */
		17499A1A1E3AAB0E001D957D /* Project object */ = {
			isa = PBXProject;
			attributes = {
				LastUpgradeCheck = 0820;
				ORGANIZATIONNAME = "Tushit Jain";
				TargetAttributes = {
					17499A211E3AAB0E001D957D = {
						CreatedOnToolsVersion = 8.2.1;
						DevelopmentTeam = T9NN4SW3G4;
						ProvisioningStyle = Automatic;
					};
				};
			};
			buildConfigurationList = 17499A1D1E3AAB0E001D957D /* Build configuration list for PBXProject "W" */;
			compatibilityVersion = "Xcode 3.2";
			developmentRegion = English;
			hasScannedForEncodings = 0;
			knownRegions = (
				en,
				Base,
			);
			mainGroup = 17499A191E3AAB0E001D957D;
			productRefGroup = 17499A231E3AAB0E001D957D /* Products */;
			projectDirPath = "";
			projectRoot = "";
			targets = (
				17499A211E3AAB0E001D957D /* W */,
			);
		};
/* End PBXProject section */

/* Begin PBXResourcesBuildPhase section */
		17499A201E3AAB0E001D957D /* Resources */ = {
			isa = PBXResourcesBuildPhase;
			buildActionMask = 2147483647;
			files = (
				177FB23E1E3AC8D800C45680 /* Main.storyboard in Resources */,
				17499A351E3AAB0E001D957D /* LaunchScreen.storyboard in Resources */,
				17499A321E3AAB0E001D957D /* Assets.xcassets in Resources */,
				178EFA3C1E47C858009A0AD0 /* a.jpg in Resources */,
				178EFA3A1E47B70F009A0AD0 /* og_image.png in Resources */,
				178EFA3E1E47CC1E009A0AD0 /* grid.png in Resources */,
			);
			runOnlyForDeploymentPostprocessing = 0;
		};
/* End PBXResourcesBuildPhase section */

/* Begin PBXSourcesBuildPhase section */
		17499A1E1E3AAB0E001D957D /* Sources */ = {
			isa = PBXSourcesBuildPhase;
			buildActionMask = 2147483647;
			files = (
				17499A2D1E3AAB0E001D957D /* ViewController.m in Sources */,
				178EFA381E47AE6F009A0AD0 /* StartViewController.m in Sources */,
				17499A2A1E3AAB0E001D957D /* AppDelegate.m in Sources */,
				17499A271E3AAB0E001D957D /* main.m in Sources */,
			);
			runOnlyForDeploymentPostprocessing = 0;
		};
/* End PBXSourcesBuildPhase section */

/* Begin PBXVariantGroup section */
		17499A331E3AAB0E001D957D /* LaunchScreen.storyboard */ = {
			isa = PBXVariantGroup;
			children = (
				17499A341E3AAB0E001D957D /* Base */,
			);
			name = LaunchScreen.storyboard;
			sourceTree = "<group>";
		};
/* End PBXVariantGroup section */

/* Begin XCBuildConfiguration section */
		17499A371E3AAB0E001D957D /* Debug */ = {
			isa = XCBuildConfiguration;
			buildSettings = {
				ALWAYS_SEARCH_USER_PATHS = NO;
				CLANG_ANALYZER_NONNULL = YES;
				CLANG_CXX_LANGUAGE_STANDARD = "gnu++0x";
				CLANG_CXX_LIBRARY = "libc++";
				CLANG_ENABLE_MODULES = YES;
				CLANG_ENABLE_OBJC_ARC = YES;
				CLANG_WARN_BOOL_CONVERSION = YES;
				CLANG_WARN_CONSTANT_CONVERSION = YES;
				CLANG_WARN_DIRECT_OBJC_ISA_USAGE = YES_ERROR;
				CLANG_WARN_DOCUMENTATION_COMMENTS = YES;
				CLANG_WARN_EMPTY_BODY = YES;
				CLANG_WARN_ENUM_CONVERSION = YES;
				CLANG_WARN_INFINITE_RECURSION = YES;
				CLANG_WARN_INT_CONVERSION = YES;
				CLANG_WARN_OBJC_ROOT_CLASS = YES_ERROR;
				CLANG_WARN_SUSPICIOUS_MOVE = YES;
				CLANG_WARN_UNREACHABLE_CODE = YES;
				CLANG_WARN__DUPLICATE_METHOD_MATCH = YES;
				"CODE_SIGN_IDENTITY[sdk=iphoneos*]" = "iPhone Developer";
				COPY_PHASE_STRIP = NO;
				DEBUG_INFORMATION_FORMAT = dwarf;
				ENABLE_STRICT_OBJC_MSGSEND = YES;
				ENABLE_TESTABILITY = YES;
				GCC_C_LANGUAGE_STANDARD = gnu99;
				GCC_DYNAMIC_NO_PIC = NO;
				GCC_NO_COMMON_BLOCKS = YES;
				GCC_OPTIMIZATION_LEVEL = 0;
				GCC_PREPROCESSOR_DEFINITIONS = (
					"DEBUG=1",
					"$(inherited)",
				);
				GCC_WARN_64_TO_32_BIT_CONVERSION = YES;
				GCC_WARN_ABOUT_RETURN_TYPE = YES_ERROR;
				GCC_WARN_UNDECLARED_SELECTOR = YES;
				GCC_WARN_UNINITIALIZED_AUTOS = YES_AGGRESSIVE;
				GCC_WARN_UNUSED_FUNCTION = YES;
				GCC_WARN_UNUSED_VARIABLE = YES;
				IPHONEOS_DEPLOYMENT_TARGET = 10.2;
				MTL_ENABLE_DEBUG_INFO = YES;
				ONLY_ACTIVE_ARCH = YES;
				SDKROOT = iphoneos;
			};
			name = Debug;
		};
		17499A381E3AAB0E001D957D /* Release */ = {
			isa = XCBuildConfiguration;
			buildSettings = {
				ALWAYS_SEARCH_USER_PATHS = NO;
				CLANG_ANALYZER_NONNULL = YES;
				CLANG_CXX_LANGUAGE_STANDARD = "gnu++0x";
				CLANG_CXX_LIBRARY = "libc++";
				CLANG_ENABLE_MODULES = YES;
				CLANG_ENABLE_OBJC_ARC = YES;
				CLANG_WARN_BOOL_CONVERSION = YES;
				CLANG_WARN_CONSTANT_CONVERSION = YES;
				CLANG_WARN_DIRECT_OBJC_ISA_USAGE = YES_ERROR;
				CLANG_WARN_DOCUMENTATION_COMMENTS = YES;
				CLANG_WARN_EMPTY_BODY = YES;
				CLANG_WARN_ENUM_CONVERSION = YES;
				CLANG_WARN_INFINITE_RECURSION = YES;
				CLANG_WARN_INT_CONVERSION = YES;
				CLANG_WARN_OBJC_ROOT_CLASS = YES_ERROR;
				CLANG_WARN_SUSPICIOUS_MOVE = YES;
				CLANG_WARN_UNREACHABLE_CODE = YES;
				CLANG_WARN__DUPLICATE_METHOD_MATCH = YES;
				"CODE_SIGN_IDENTITY[sdk=iphoneos*]" = "iPhone Developer";
				COPY_PHASE_STRIP = NO;
				DEBUG_INFORMATION_FORMAT = "dwarf-with-dsym";
				ENABLE_NS_ASSERTIONS = NO;
				ENABLE_STRICT_OBJC_MSGSEND = YES;
				GCC_C_LANGUAGE_STANDARD = gnu99;
				GCC_NO_COMMON_BLOCKS = YES;
				GCC_WARN_64_TO_32_BIT_CONVERSION = YES;
				GCC_WARN_ABOUT_RETURN_TYPE = YES_ERROR;
				GCC_WARN_UNDECLARED_SELECTOR = YES;
				GCC_WARN_UNINITIALIZED_AUTOS = YES_AGGRESSIVE;
				GCC_WARN_UNUSED_FUNCTION = YES;
				GCC_WARN_UNUSED_VARIABLE = YES;
				IPHONEOS_DEPLOYMENT_TARGET = 10.2;
				MTL_ENABLE_DEBUG_INFO = NO;
				SDKROOT = iphoneos;
				VALIDATE_PRODUCT = YES;
			};
			name = Release;
		};
		17499A3A1E3AAB0E001D957D /* Debug */ = {
			isa = XCBuildConfiguration;
			buildSettings = {
				ASSETCATALOG_COMPILER_APPICON_NAME = AppIcon;
				DEVELOPMENT_TEAM = T9NN4SW3G4;
				INFOPLIST_FILE = W/Info.plist;
				LD_RUNPATH_SEARCH_PATHS = "$(inherited) @executable_path/Frameworks";
				PRODUCT_BUNDLE_IDENTIFIER = edu.binghamton.tjain3.W;
				PRODUCT_NAME = "$(TARGET_NAME)";
			};
			name = Debug;
		};
		17499A3B1E3AAB0E001D957D /* Release */ = {
			isa = XCBuildConfiguration;
			buildSettings = {
				ASSETCATALOG_COMPILER_APPICON_NAME = AppIcon;
				DEVELOPMENT_TEAM = T9NN4SW3G4;
				INFOPLIST_FILE = W/Info.plist;
				LD_RUNPATH_SEARCH_PATHS = "$(inherited) @executable_path/Frameworks";
				PRODUCT_BUNDLE_IDENTIFIER = edu.binghamton.tjain3.W;
				PRODUCT_NAME = "$(TARGET_NAME)";
			};
			name = Release;
		};
/* End XCBuildConfiguration section */

/* Begin XCConfigurationList section */
		17499A1D1E3AAB0E001D957D /* Build configuration list for PBXProject "W" */ = {
			isa = XCConfigurationList;
			buildConfigurations = (
				17499A371E3AAB0E001D957D /* Debug */,
				17499A381E3AAB0E001D957D /* Release */,
			);
			defaultConfigurationIsVisible = 0;
			defaultConfigurationName = Release;
		};
		17499A391E3AAB0E001D957D /* Build configuration list for PBXNativeTarget "W" */ = {
			isa = XCConfigurationList;
			buildConfigurations = (
				17499A3A1E3AAB0E001D957D /* Debug */,
				17499A3B1E3AAB0E001D957D /* Release */,
			);
			defaultConfigurationIsVisible = 0;
			defaultConfigurationName = Release;
		};
/* End XCConfigurationList section */
	};
	rootObject = 17499A1A1E3AAB0E001D957D /* Project object */;
}
